
Microsoft Visual Studio Solution File, Format Version 12.00
# Visual Studio Version 16
VisualStudioVersion = 16.0.31205.134
MinimumVisualStudioVersion = 10.0.40219.1
Project("{FAE04EC0-301F-11D3-BF4B-00C04F79EFBC}") = "Keygen.API", "Keygen.API\Keygen.API.csproj", "{3F352186-51DF-4040-AE4D-33E968E5E374}"
EndProject
Global
	GlobalSection(SolutionConfigurationPlatforms) = preSolution
		Debug|Any CPU = Debug|Any CPU
		Release|Any CPU = Release|Any CPU
	EndGlobalSection
	GlobalSection(ProjectConfigurationPlatforms) = postSolution
		{3F352186-51DF-4040-AE4D-33E968E5E374}.Debug|Any CPU.ActiveCfg = Debug|Any CPU
		{3F352186-51DF-4040-AE4D-33E968E5E374}.Debug|Any CPU.Build.0 = Debug|Any CPU
		{3F352186-51DF-4040-AE4D-33E968E5E374}.Release|Any CPU.ActiveCfg = Release|Any CPU
		{3F352186-51DF-4040-AE4D-33E968E5E374}.Release|Any CPU.Build.0 = Release|Any CPU
	EndGlobalSection
	GlobalSection(SolutionProperties) = preSolution
		HideSolutionNode = FALSE
	EndGlobalSection
	GlobalSection(ExtensibilityGlobals) = postSolution
		SolutionGuid = {DF206A02-6DC4-4B21-8F45-6B0036DCF6A1}
	EndGlobalSection
EndGlobal
